
Microsoft Visual Studio Solution File, Format Version 12.00
# Visual Studio 2012
Project("{FAE04EC0-301F-11D3-BF4B-00C04F79EFBC}") = "Comet", "Comet\Comet.csproj", "{FA4685B5-5D6A-4A54-AE31-8C02CC607317}"
EndProject
Global
	GlobalSection(SolutionConfigurationPlatforms) = preSolution
		Release|Any CPU = Release|Any CPU
	EndGlobalSection
	GlobalSection(ProjectConfigurationPlatforms) = postSolution
		{FA4685B5-5D6A-4A54-AE31-8C02CC607317}.Release|Any CPU.ActiveCfg = Release|Any CPU
		{FA4685B5-5D6A-4A54-AE31-8C02CC607317}.Release|Any CPU.Build.0 = Release|Any CPU
	EndGlobalSection
	GlobalSection(SolutionProperties) = preSolution
		HideSolutionNode = FALSE
	EndGlobalSection
EndGlobal
